Microsoft Visual Studio Solution File, Format Version 12.00
# Visual Studio Version 17
VisualStudioVersion = 17.9.34728.123
MinimumVisualStudioVersion = 10.0.40219.1
Project("{9A19103F-16F7-4668-BE54-9A1E7A4F7556}") = "YarraTramsMobileMauiBlazor", "YarraTramsMobileMauiBlazor\YarraTramsMobileMauiBlazor.csproj", "{B289F605-AE82-425A-9FE7-7436C6E6DAAF}"
EndProject
Project("{9A19103F-16F7-4668-BE54-9A1E7A4F7556}") = "Core", "Core\Core.csproj", "{6FBE52C5-F7D9-458B-B7E3-25648B7A6262}"
EndProject
Project("{9A19103F-16F7-4668-BE54-9A1E7A4F7556}") = "Data", "Data\Data.csproj", "{3C4EA86B-0B11-4DCD-9B44-C78F75C777EF}"
EndProject
Project("{9A19103F-16F7-4668-BE54-9A1E7A4F7556}") = "SharedLogic", "SharedLogic\SharedLogic.csproj", "{C1C92DAE-6CFA-43BC-8FD0-C1F745B6B6A6}"
EndProject
Global
	GlobalSection(SolutionConfigurationPlatforms) = preSolution
		Ad-Hoc|Any CPU = Ad-Hoc|Any CPU
		Ad-Hoc|iPhone = Ad-Hoc|iPhone
		Ad-Hoc|iPhoneSimulator = Ad-Hoc|iPhoneSimulator
		AppStore|Any CPU = AppStore|Any CPU
		AppStore|iPhone = AppStore|iPhone
		AppStore|iPhoneSimulator = AppStore|iPhoneSimulator
		Debug|Any CPU = Debug|Any CPU
		Debug|iPhone = Debug|iPhone
		Debug|iPhoneSimulator = Debug|iPhoneSimulator
		Prod|Any CPU = Prod|Any CPU
		Prod|iPhone = Prod|iPhone
		Prod|iPhoneSimulator = Prod|iPhoneSimulator
		Release|Any CPU = Release|Any CPU
		Release|iPhone = Release|iPhone
		Release|iPhoneSimulator = Release|iPhoneSimulator
		Staging|Any CPU = Staging|Any CPU
		Staging|iPhone = Staging|iPhone
		Staging|iPhoneSimulator = Staging|iPhoneSimulator
	EndGlobalSection
	GlobalSection(ProjectConfigurationPlatforms) = postSolution
		{B289F605-AE82-425A-9FE7-7436C6E6DAAF}.Ad-Hoc|Any CPU.ActiveCfg = Debug|Any CPU
		{B289F605-AE82-425A-9FE7-7436C6E6DAAF}.Ad-Hoc|Any CPU.Build.0 = Debug|Any CPU
		{B289F605-AE82-425A-9FE7-7436C6E6DAAF}.Ad-Hoc|Any CPU.Deploy.0 = Debug|Any CPU
		{B289F605-AE82-425A-9FE7-7436C6E6DAAF}.Ad-Hoc|iPhone.ActiveCfg = Debug|Any CPU
		{B289F605-AE82-425A-9FE7-7436C6E6DAAF}.Ad-Hoc|iPhone.Build.0 = Debug|Any CPU
		{B289F605-AE82-425A-9FE7-7436C6E6DAAF}.Ad-Hoc|iPhone.Deploy.0 = Debug|Any CPU
		{B289F605-AE82-425A-9FE7-7436C6E6DAAF}.Ad-Hoc|iPhoneSimulator.ActiveCfg = Debug|Any CPU
		{B289F605-AE82-425A-9FE7-7436C6E6DAAF}.Ad-Hoc|iPhoneSimulator.Build.0 = Debug|Any CPU
		{B289F605-AE82-425A-9FE7-7436C6E6DAAF}.Ad-Hoc|iPhoneSimulator.Deploy.0 = Debug|Any CPU
		{B289F605-AE82-425A-9FE7-7436C6E6DAAF}.AppStore|Any CPU.ActiveCfg = Debug|Any CPU
		{B289F605-AE82-425A-9FE7-7436C6E6DAAF}.AppStore|Any CPU.Build.0 = Debug|Any CPU
		{B289F605-AE82-425A-9FE7-7436C6E6DAAF}.AppStore|Any CPU.Deploy.0 = Debug|Any CPU
		{B289F605-AE82-425A-9FE7-7436C6E6DAAF}.AppStore|iPhone.ActiveCfg = Debug|Any CPU
		{B289F605-AE82-425A-9FE7-7436C6E6DAAF}.AppStore|iPhone.Build.0 = Debug|Any CPU
		{B289F605-AE82-425A-9FE7-7436C6E6DAAF}.AppStore|iPhone.Deploy.0 = Debug|Any CPU
		{B289F605-AE82-425A-9FE7-7436C6E6DAAF}.AppStore|iPhoneSimulator.ActiveCfg = Debug|Any CPU
		{B289F605-AE82-425A-9FE7-7436C6E6DAAF}.AppStore|iPhoneSimulator.Build.0 = Debug|Any CPU
		{B289F605-AE82-425A-9FE7-7436C6E6DAAF}.AppStore|iPhoneSimulator.Deploy.0 = Debug|Any CPU
		{B289F605-AE82-425A-9FE7-7436C6E6DAAF}.Debug|Any CPU.ActiveCfg = Debug|Any CPU
		{B289F605-AE82-425A-9FE7-7436C6E6DAAF}.Debug|Any CPU.Build.0 = Debug|Any CPU
		{B289F605-AE82-425A-9FE7-7436C6E6DAAF}.Debug|Any CPU.Deploy.0 = Debug|Any CPU
		{B289F605-AE82-425A-9FE7-7436C6E6DAAF}.Debug|iPhone.ActiveCfg = Debug|Any CPU
		{B289F605-AE82-425A-9FE7-7436C6E6DAAF}.Debug|iPhone.Build.0 = Debug|Any CPU
		{B289F605-AE82-425A-9FE7-7436C6E6DAAF}.Debug|iPhone.Deploy.0 = Debug|Any CPU
		{B289F605-AE82-425A-9FE7-7436C6E6DAAF}.Debug|iPhoneSimulator.ActiveCfg = Debug|	 CPU
		{B289F605-AE82-425A-9FE7-7436C6E6DAAF}.Debug|iPhoneSimulator.Build.0 = Debug|	 CPU
		{B289F605-AE82-425A-9FE7-7436C6E6DAAF}.Debug|iPhoneSimulator.Deploy.0 = Debug|	 CPU
		{B289F605-AE82-425A-9FE7-7436C6E6DAAF}.Prod|Any CPU.ActiveCfg = Debug|Any CPU
		{B289F605-AE82-425A-9FE7-7436C6E6DAAF}.Prod|Any CPU.Build.0 = Debug|Any CPU
		{B289F605-AE82-425A-9FE7-7436C6E6DAAF}.Prod|Any CPU.Deploy.0 = Debug|Any CPU
		{B289F605-AE82-425A-9FE7-7436C6E6DAAF}.Prod|iPhone.ActiveCfg = Debug|Any CPU
		{B289F605-AE82-425A-9FE7-7436C6E6DAAF}.Prod|iPhone.Build.0 = Debug|Any CPU
		{B289F605-AE82-425A-9FE7-7436C6E6DAAF}.Prod|iPhone.Deploy.0 = Debug|Any CPU
		{B289F605-AE82-425A-9FE7-7436C6E6DAAF}.Prod|iPhoneSimulator.ActiveCfg = Debug|Any CPU
		{B289F605-AE82-425A-9FE7-7436C6E6DAAF}.Prod|iPhoneSimulator.Build.0 = Debug|Any CPU
		{B289F605-AE82-425A-9FE7-7436C6E6DAAF}.Prod|iPhoneSimulator.Deploy.0 = Debug|Any CPU
		{B289F605-AE82-425A-9FE7-7436C6E6DAAF}.Release|Any CPU.ActiveCfg = Release|Any CPU
		{B289F605-AE82-425A-9FE7-7436C6E6DAAF}.Release|Any CPU.Build.0 = Release|Any CPU
		{B289F605-AE82-425A-9FE7-7436C6E6DAAF}.Release|Any CPU.Deploy.0 = Release|Any CPU
		{B289F605-AE82-425A-9FE7-7436C6E6DAAF}.Release|iPhone.ActiveCfg = Release|Any CPU
		{B289F605-AE82-425A-9FE7-7436C6E6DAAF}.Release|iPhone.Build.0 = Release|Any CPU
		{B289F605-AE82-425A-9FE7-7436C6E6DAAF}.Release|iPhone.Deploy.0 = Release|Any CPU
		{B289F605-AE82-425A-9FE7-7436C6E6DAAF}.Release|iPhoneSimulator.ActiveCfg = Release|Any CPU
		{B289F605-AE82-425A-9FE7-7436C6E6DAAF}.Release|iPhoneSimulator.Build.0 = Release|Any CPU
		{B289F605-AE82-425A-9FE7-7436C6E6DAAF}.Release|iPhoneSimulator.Deploy.0 = Release|Any CPU
		{B289F605-AE82-425A-9FE7-7436C6E6DAAF}.Staging|Any CPU.ActiveCfg = Debug|Any CPU
		{B289F605-AE82-425A-9FE7-7436C6E6DAAF}.Staging|Any CPU.Build.0 = Debug|Any CPU
		{B289F605-AE82-425A-9FE7-7436C6E6DAAF}.Staging|Any CPU.Deploy.0 = Debug|Any CPU
		{B289F605-AE82-425A-9FE7-7436C6E6DAAF}.Staging|iPhone.ActiveCfg = Debug|Any CPU
		{B289F605-AE82-425A-9FE7-7436C6E6DAAF}.Staging|iPhone.Build.0 = Debug|Any CPU
		{B289F605-AE82-425A-9FE7-7436C6E6DAAF}.Staging|iPhone.Deploy.0 = Debug|Any CPU
		{B289F605-AE82-425A-9FE7-7436C6E6DAAF}.Staging|iPhoneSimulator.ActiveCfg = Debug|Any CPU
		{B289F605-AE82-425A-9FE7-7436C6E6DAAF}.Staging|iPhoneSimulator.Build.0 = Debug|Any CPU
		{B289F605-AE82-425A-9FE7-7436C6E6DAAF}.Staging|iPhoneSimulator.Deploy.0 = Debug|Any CPU
		{6FBE52C5-F7D9-458B-B7E3-25648B7A6262}.Ad-Hoc|Any CPU.ActiveCfg = Debug|Any CPU
		{6FBE52C5-F7D9-458B-B7E3-25648B7A6262}.Ad-Hoc|Any CPU.Build.0 = Debug|Any CPU
		{6FBE52C5-F7D9-458B-B7E3-25648B7A6262}.Ad-Hoc|iPhone.ActiveCfg = Debug|Any CPU
		{6FBE52C5-F7D9-458B-B7E3-25648B7A6262}.Ad-Hoc|iPhone.Build.0 = Debug|Any CPU
		{6FBE52C5-F7D9-458B-B7E3-25648B7A6262}.Ad-Hoc|iPhoneSimulator.ActiveCfg = Debug|Any CPU
		{6FBE52C5-F7D9-458B-B7E3-25648B7A6262}.Ad-Hoc|iPhoneSimulator.Build.0 = Debug|Any CPU
		{6FBE52C5-F7D9-458B-B7E3-25648B7A6262}.AppStore|Any CPU.ActiveCfg = Debug|Any CPU
		{6FBE52C5-F7D9-458B-B7E3-25648B7A6262}.AppStore|Any CPU.Build.0 = Debug|Any CPU
		{6FBE52C5-F7D9-458B-B7E3-25648B7A6262}.AppStore|iPhone.ActiveCfg = Debug|Any CPU
		{6FBE52C5-F7D9-458B-B7E3-25648B7A6262}.AppStore|iPhone.Build.0 = Debug|Any CPU
		{6FBE52C5-F7D9-458B-B7E3-25648B7A6262}.AppStore|iPhoneSimulator.ActiveCfg = Debug|Any CPU
		{6FBE52C5-F7D9-458B-B7E3-25648B7A6262}.AppStore|iPhoneSimulator.Build.0 = Debug|Any CPU
		{6FBE52C5-F7D9-458B-B7E3-25648B7A6262}.Debug|Any CPU.ActiveCfg = Debug|Any CPU
		{6FBE52C5-F7D9-458B-B7E3-25648B7A6262}.Debug|Any CPU.Build.0 = Debug|Any CPU
		{6FBE52C5-F7D9-458B-B7E3-25648B7A6262}.Debug|iPhone.ActiveCfg = Debug|Any CPU
		{6FBE52C5-F7D9-458B-B7E3-25648B7A6262}.Debug|iPhone.Build.0 = Debug|Any CPU
		{6FBE52C5-F7D9-458B-B7E3-25648B7A6262}.Debug|iPhoneSimulator.ActiveCfg = Debug|Any CPU
		{6FBE52C5-F7D9-458B-B7E3-25648B7A6262}.Debug|iPhoneSimulator.Build.0 = Debug|Any CPU
		{6FBE52C5-F7D9-458B-B7E3-25648B7A6262}.Prod|Any CPU.ActiveCfg = Prod|Any CPU
		{6FBE52C5-F7D9-458B-B7E3-25648B7A6262}.Prod|Any CPU.Build.0 = Prod|Any CPU
		{6FBE52C5-F7D9-458B-B7E3-25648B7A6262}.Prod|iPhone.ActiveCfg = Prod|Any CPU
		{6FBE52C5-F7D9-458B-B7E3-25648B7A6262}.Prod|iPhone.Build.0 = Prod|Any CPU
		{6FBE52C5-F7D9-458B-B7E3-25648B7A6262}.Prod|iPhoneSimulator.ActiveCfg = Prod|Any CPU
		{6FBE52C5-F7D9-458B-B7E3-25648B7A6262}.Prod|iPhoneSimulator.Build.0 = Prod|Any CPU
		{6FBE52C5-F7D9-458B-B7E3-25648B7A6262}.Release|Any CPU.ActiveCfg = Release|Any CPU
		{6FBE52C5-F7D9-458B-B7E3-25648B7A6262}.Release|Any CPU.Build.0 = Release|Any CPU
		{6FBE52C5-F7D9-458B-B7E3-25648B7A6262}.Release|iPhone.ActiveCfg = Release|Any CPU
		{6FBE52C5-F7D9-458B-B7E3-25648B7A6262}.Release|iPhone.Build.0 = Release|Any CPU
		{6FBE52C5-F7D9-458B-B7E3-25648B7A6262}.Release|iPhoneSimulator.ActiveCfg = Release|Any CPU
		{6FBE52C5-F7D9-458B-B7E3-25648B7A6262}.Release|iPhoneSimulator.Build.0 = Release|Any CPU
		{6FBE52C5-F7D9-458B-B7E3-25648B7A6262}.Staging|Any CPU.ActiveCfg = Staging|Any CPU
		{6FBE52C5-F7D9-458B-B7E3-25648B7A6262}.Staging|Any CPU.Build.0 = Staging|Any CPU
		{6FBE52C5-F7D9-458B-B7E3-25648B7A6262}.Staging|iPhone.ActiveCfg = Staging|Any CPU
		{6FBE52C5-F7D9-458B-B7E3-25648B7A6262}.Staging|iPhone.Build.0 = Staging|Any CPU
		{6FBE52C5-F7D9-458B-B7E3-25648B7A6262}.Staging|iPhoneSimulator.ActiveCfg = Staging|Any CPU
		{6FBE52C5-F7D9-458B-B7E3-25648B7A6262}.Staging|iPhoneSimulator.Build.0 = Staging|Any CPU
		{3C4EA86B-0B11-4DCD-9B44-C78F75C777EF}.Ad-Hoc|Any CPU.ActiveCfg = Debug|Any CPU
		{3C4EA86B-0B11-4DCD-9B44-C78F75C777EF}.Ad-Hoc|Any CPU.Build.0 = Debug|Any CPU
		{3C4EA86B-0B11-4DCD-9B44-C78F75C777EF}.Ad-Hoc|iPhone.ActiveCfg = Debug|Any CPU
		{3C4EA86B-0B11-4DCD-9B44-C78F75C777EF}.Ad-Hoc|iPhone.Build.0 = Debug|Any CPU
		{3C4EA86B-0B11-4DCD-9B44-C78F75C777EF}.Ad-Hoc|iPhoneSimulator.ActiveCfg = Debug|Any CPU
		{3C4EA86B-0B11-4DCD-9B44-C78F75C777EF}.Ad-Hoc|iPhoneSimulator.Build.0 = Debug|Any CPU
		{3C4EA86B-0B11-4DCD-9B44-C78F75C777EF}.AppStore|Any CPU.ActiveCfg = Debug|Any CPU
		{3C4EA86B-0B11-4DCD-9B44-C78F75C777EF}.AppStore|Any CPU.Build.0 = Debug|Any CPU
		{3C4EA86B-0B11-4DCD-9B44-C78F75C777EF}.AppStore|iPhone.ActiveCfg = Debug|Any CPU
		{3C4EA86B-0B11-4DCD-9B44-C78F75C777EF}.AppStore|iPhone.Build.0 = Debug|Any CPU
		{3C4EA86B-0B11-4DCD-9B44-C78F75C777EF}.AppStore|iPhoneSimulator.ActiveCfg = Debug|Any CPU
		{3C4EA86B-0B11-4DCD-9B44-C78F75C777EF}.AppStore|iPhoneSimulator.Build.0 = Debug|Any CPU
		{3C4EA86B-0B11-4DCD-9B44-C78F75C777EF}.Debug|Any CPU.ActiveCfg = Debug|Any CPU
		{3C4EA86B-0B11-4DCD-9B44-C78F75C777EF}.Debug|Any CPU.Build.0 = Debug|Any CPU
		{3C4EA86B-0B11-4DCD-9B44-C78F75C777EF}.Debug|iPhone.ActiveCfg = Debug|Any CPU
		{3C4EA86B-0B11-4DCD-9B44-C78F75C777EF}.Debug|iPhone.Build.0 = Debug|Any CPU
		{3C4EA86B-0B11-4DCD-9B44-C78F75C777EF}.Debug|iPhoneSimulator.ActiveCfg = Debug|Any CPU
		{3C4EA86B-0B11-4DCD-9B44-C78F75C777EF}.Debug|iPhoneSimulator.Build.0 = Debug|Any CPU
		{3C4EA86B-0B11-4DCD-9B44-C78F75C777EF}.Prod|Any CPU.ActiveCfg = Prod|Any CPU
		{3C4EA86B-0B11-4DCD-9B44-C78F75C777EF}.Prod|Any CPU.Build.0 = Prod|Any CPU
		{3C4EA86B-0B11-4DCD-9B44-C78F75C777EF}.Prod|iPhone.ActiveCfg = Prod|Any CPU
		{3C4EA86B-0B11-4DCD-9B44-C78F75C777EF}.Prod|iPhone.Build.0 = Prod|Any CPU
		{3C4EA86B-0B11-4DCD-9B44-C78F75C777EF}.Prod|iPhoneSimulator.ActiveCfg = Prod|Any CPU
		{3C4EA86B-0B11-4DCD-9B44-C78F75C777EF}.Prod|iPhoneSimulator.Build.0 = Prod|Any CPU
		{3C4EA86B-0B11-4DCD-9B44-C78F75C777EF}.Release|Any CPU.ActiveCfg = Release|Any CPU
		{3C4EA86B-0B11-4DCD-9B44-C78F75C777EF}.Release|Any CPU.Build.0 = Release|Any CPU
		{3C4EA86B-0B11-4DCD-9B44-C78F75C777EF}.Release|iPhone.ActiveCfg = Release|Any CPU
		{3C4EA86B-0B11-4DCD-9B44-C78F75C777EF}.Release|iPhone.Build.0 = Release|Any CPU
		{3C4EA86B-0B11-4DCD-9B44-C78F75C777EF}.Release|iPhoneSimulator.ActiveCfg = Release|Any CPU
		{3C4EA86B-0B11-4DCD-9B44-C78F75C777EF}.Release|iPhoneSimulator.Build.0 = Release|Any CPU
		{3C4EA86B-0B11-4DCD-9B44-C78F75C777EF}.Staging|Any CPU.ActiveCfg = Staging|Any CPU
		{3C4EA86B-0B11-4DCD-9B44-C78F75C777EF}.Staging|Any CPU.Build.0 = Staging|Any CPU
		{3C4EA86B-0B11-4DCD-9B44-C78F75C777EF}.Staging|iPhone.ActiveCfg = Staging|Any CPU
		{3C4EA86B-0B11-4DCD-9B44-C78F75C777EF}.Staging|iPhone.Build.0 = Staging|Any CPU
		{3C4EA86B-0B11-4DCD-9B44-C78F75C777EF}.Staging|iPhoneSimulator.ActiveCfg = Staging|Any CPU
		{3C4EA86B-0B11-4DCD-9B44-C78F75C777EF}.Staging|iPhoneSimulator.Build.0 = Staging|Any CPU
		{C1C92DAE-6CFA-43BC-8FD0-C1F745B6B6A6}.Ad-Hoc|Any CPU.ActiveCfg = Debug|Any CPU
		{C1C92DAE-6CFA-43BC-8FD0-C1F745B6B6A6}.Ad-Hoc|Any CPU.Build.0 = Debug|Any CPU
		{C1C92DAE-6CFA-43BC-8FD0-C1F745B6B6A6}.Ad-Hoc|iPhone.ActiveCfg = Debug|Any CPU
		{C1C92DAE-6CFA-43BC-8FD0-C1F745B6B6A6}.Ad-Hoc|iPhone.Build.0 = Debug|Any CPU
		{C1C92DAE-6CFA-43BC-8FD0-C1F745B6B6A6}.Ad-Hoc|iPhoneSimulator.ActiveCfg = Debug|Any CPU
		{C1C92DAE-6CFA-43BC-8FD0-C1F745B6B6A6}.Ad-Hoc|iPhoneSimulator.Build.0 = Debug|Any CPU
		{C1C92DAE-6CFA-43BC-8FD0-C1F745B6B6A6}.AppStore|Any CPU.ActiveCfg = Debug|Any CPU
		{C1C92DAE-6CFA-43BC-8FD0-C1F745B6B6A6}.AppStore|Any CPU.Build.0 = Debug|Any CPU
		{C1C92DAE-6CFA-43BC-8FD0-C1F745B6B6A6}.AppStore|iPhone.ActiveCfg = Debug|Any CPU
		{C1C92DAE-6CFA-43BC-8FD0-C1F745B6B6A6}.AppStore|iPhone.Build.0 = Debug|Any CPU
		{C1C92DAE-6CFA-43BC-8FD0-C1F745B6B6A6}.AppStore|iPhoneSimulator.ActiveCfg = Debug|Any CPU
		{C1C92DAE-6CFA-43BC-8FD0-C1F745B6B6A6}.AppStore|iPhoneSimulator.Build.0 = Debug|Any CPU
		{C1C92DAE-6CFA-43BC-8FD0-C1F745B6B6A6}.Debug|Any CPU.ActiveCfg = Debug|Any CPU
		{C1C92DAE-6CFA-43BC-8FD0-C1F745B6B6A6}.Debug|Any CPU.Build.0 = Debug|Any CPU
		{C1C92DAE-6CFA-43BC-8FD0-C1F745B6B6A6}.Debug|iPhone.ActiveCfg = Debug|Any CPU
		{C1C92DAE-6CFA-43BC-8FD0-C1F745B6B6A6}.Debug|iPhone.Build.0 = Debug|Any CPU
		{C1C92DAE-6CFA-43BC-8FD0-C1F745B6B6A6}.Debug|iPhoneSimulator.ActiveCfg = Debug|Any CPU
		{C1C92DAE-6CFA-43BC-8FD0-C1F745B6B6A6}.Debug|iPhoneSimulator.Build.0 = Debug|Any CPU
		{C1C92DAE-6CFA-43BC-8FD0-C1F745B6B6A6}.Prod|Any CPU.ActiveCfg = Prod|Any CPU
		{C1C92DAE-6CFA-43BC-8FD0-C1F745B6B6A6}.Prod|Any CPU.Build.0 = Prod|Any CPU
		{C1C92DAE-6CFA-43BC-8FD0-C1F745B6B6A6}.Prod|iPhone.ActiveCfg = Prod|Any CPU
		{C1C92DAE-6CFA-43BC-8FD0-C1F745B6B6A6}.Prod|iPhone.Build.0 = Prod|Any CPU
		{C1C92DAE-6CFA-43BC-8FD0-C1F745B6B6A6}.Prod|iPhoneSimulator.ActiveCfg = Prod|Any CPU
		{C1C92DAE-6CFA-43BC-8FD0-C1F745B6B6A6}.Prod|iPhoneSimulator.Build.0 = Prod|Any CPU
		{C1C92DAE-6CFA-43BC-8FD0-C1F745B6B6A6}.Release|Any CPU.ActiveCfg = Release|Any CPU
		{C1C92DAE-6CFA-43BC-8FD0-C1F745B6B6A6}.Release|Any CPU.Build.0 = Release|Any CPU
		{C1C92DAE-6CFA-43BC-8FD0-C1F745B6B6A6}.Release|iPhone.ActiveCfg = Release|Any CPU
		{C1C92DAE-6CFA-43BC-8FD0-C1F745B6B6A6}.Release|iPhone.Build.0 = Release|Any CPU
		{C1C92DAE-6CFA-43BC-8FD0-C1F745B6B6A6}.Release|iPhoneSimulator.ActiveCfg = Release|Any CPU
		{C1C92DAE-6CFA-43BC-8FD0-C1F745B6B6A6}.Release|iPhoneSimulator.Build.0 = Release|Any CPU
		{C1C92DAE-6CFA-43BC-8FD0-C1F745B6B6A6}.Staging|Any CPU.ActiveCfg = Staging|Any CPU
		{C1C92DAE-6CFA-43BC-8FD0-C1F745B6B6A6}.Staging|Any CPU.Build.0 = Staging|Any CPU
		{C1C92DAE-6CFA-43BC-8FD0-C1F745B6B6A6}.Staging|iPhone.ActiveCfg = Staging|Any CPU
		{C1C92DAE-6CFA-43BC-8FD0-C1F745B6B6A6}.Staging|iPhone.Build.0 = Staging|Any CPU
		{C1C92DAE-6CFA-43BC-8FD0-C1F745B6B6A6}.Staging|iPhoneSimulator.ActiveCfg = Staging|Any CPU
		{C1C92DAE-6CFA-43BC-8FD0-C1F745B6B6A6}.Staging|iPhoneSimulator.Build.0 = Staging|Any CPU
	EndGlobalSection
	GlobalSection(SolutionProperties) = preSolution
		HideSolutionNode = FALSE
	EndGlobalSection
	GlobalSection(ExtensibilityGlobals) = postSolution
		SolutionGuid = {3F374574-F95B-4FE6-833F-7259652DBDE7}
	EndGlobalSection
	GlobalSection(MonoDevelopProperties) = preSolution
		Policies = $0
		$0.DotNetNamingPolicy = $1
		$1.DirectoryNamespaceAssociation = PrefixedHierarchical
		$0.VersionControlPolicy = $2
	EndGlobalSection
EndGlobal
